// !$*UTF8*$!
{
	archiveVersion = 1;
	classes = {
	};
	objectVersion = 55;
	objects = {

/* Begin PBXBuildFile section */
		951BB9B4285B7E1B0086C912 /* CadastreController.swift in Sources */ = {isa = PBXBuildFile; fileRef = 951BB9B3285B7E1B0086C912 /* CadastreController.swift */; };
		951BB9B6285B7E490086C912 /* Cadastre.storyboard in Resources */ = {isa = PBXBuildFile; fileRef = 951BB9B5285B7E490086C912 /* Cadastre.storyboard */; };
		95FB1E3D285B758300EA18C1 /* AppDelegate.swift in Sources */ = {isa = PBXBuildFile; fileRef = 95FB1E3C285B758300EA18C1 /* AppDelegate.swift */; };
		95FB1E3F285B758300EA18C1 /* SceneDelegate.swift in Sources */ = {isa = PBXBuildFile; fileRef = 95FB1E3E285B758300EA18C1 /* SceneDelegate.swift */; };
		95FB1E41285B758300EA18C1 /* ViewController.swift in Sources */ = {isa = PBXBuildFile; fileRef = 95FB1E40285B758300EA18C1 /* ViewController.swift */; };
		95FB1E44285B758300EA18C1 /* Main.storyboard in Resources */ = {isa = PBXBuildFile; fileRef = 95FB1E42285B758300EA18C1 /* Main.storyboard */; };
		95FB1E47285B758300EA18C1 /* HelloWord.xcdatamodeld in Sources */ = {isa = PBXBuildFile; fileRef = 95FB1E45285B758300EA18C1 /* HelloWord.xcdatamodeld */; };
		95FB1E49285B758300EA18C1 /* Assets.xcassets in Resources */ = {isa = PBXBuildFile; fileRef = 95FB1E48285B758300EA18C1 /* Assets.xcassets */; };
		95FB1E4C285B758300EA18C1 /* LaunchScreen.storyboard in Resources */ = {isa = PBXBuildFile; fileRef = 95FB1E4A285B758300EA18C1 /* LaunchScreen.storyboard */; };
		95FB1E57285B758300EA18C1 /* HelloWordTests.swift in Sources */ = {isa = PBXBuildFile; fileRef = 95FB1E56285B758300EA18C1 /* HelloWordTests.swift */; };
		95FB1E61285B758300EA18C1 /* HelloWordUITests.swift in Sources */ = {isa = PBXBuildFile; fileRef = 95FB1E60285B758300EA18C1 /* HelloWordUITests.swift */; };
		95FB1E63285B758300EA18C1 /* HelloWordUITestsLaunchTests.swift in Sources */ = {isa = PBXBuildFile; fileRef = 95FB1E62285B758300EA18C1 /* HelloWordUITestsLaunchTests.swift */; };
/* End PBXBuildFile section */

/* Begin PBXContainerItemProxy section */
		95FB1E53285B758300EA18C1 /* PBXContainerItemProxy */ = {
			isa = PBXContainerItemProxy;
			containerPortal = 95FB1E31285B758300EA18C1 /* Project object */;
			proxyType = 1;
			remoteGlobalIDString = 95FB1E38285B758300EA18C1;
			remoteInfo = HelloWord;
		};
		95FB1E5D285B758300EA18C1 /* PBXContainerItemProxy */ = {
			isa = PBXContainerItemProxy;
			containerPortal = 95FB1E31285B758300EA18C1 /* Project object */;
			proxyType = 1;
			remoteGlobalIDString = 95FB1E38285B758300EA18C1;
			remoteInfo = HelloWord;
		};
/* End PBXContainerItemProxy section */

/* Begin PBXFileReference section */
		951BB9B3285B7E1B0086C912 /* CadastreController.swift */ = {isa = PBXFileReference; lastKnownFileType = sourcecode.swift; path = CadastreController.swift; sourceTree = "<group>"; };
		951BB9B5285B7E490086C912 /* Cadastre.storyboard */ = {isa = PBXFileReference; lastKnownFileType = file.storyboard; path = Cadastre.storyboard; sourceTree = "<group>"; };
		95FB1E39285B758300EA18C1 /* HelloWord.app */ = {isa = PBXFileReference; explicitFileType = wrapper.application; includeInIndex = 0; path = HelloWord.app; sourceTree = BUILT_PRODUCTS_DIR; };
		95FB1E3C285B758300EA18C1 /* AppDelegate.swift */ = {isa = PBXFileReference; lastKnownFileType = sourcecode.swift; path = AppDelegate.swift; sourceTree = "<group>"; };
		95FB1E3E285B758300EA18C1 /* SceneDelegate.swift */ = {isa = PBXFileReference; lastKnownFileType = sourcecode.swift; path = SceneDelegate.swift; sourceTree = "<group>"; };
		95FB1E40285B758300EA18C1 /* ViewController.swift */ = {isa = PBXFileReference; lastKnownFileType = sourcecode.swift; path = ViewController.swift; sourceTree = "<group>"; };
		95FB1E43285B758300EA18C1 /* Base */ = {isa = PBXFileReference; lastKnownFileType = file.storyboard; name = Base; path = Base.lproj/Main.storyboard; sourceTree = "<group>"; };
		95FB1E46285B758300EA18C1 /* HelloWord.xcdatamodel */ = {isa = PBXFileReference; lastKnownFileType = wrapper.xcdatamodel; path = HelloWord.xcdatamodel; sourceTree = "<group>"; };
		95FB1E48285B758300EA18C1 /* Assets.xcassets */ = {isa = PBXFileReference; lastKnownFileType = folder.assetcatalog; path = Assets.xcassets; sourceTree = "<group>"; };
		95FB1E4B285B758300EA18C1 /* Base */ = {isa = PBXFileReference; lastKnownFileType = file.storyboard; name = Base; path = Base.lproj/LaunchScreen.storyboard; sourceTree = "<group>"; };
		95FB1E4D285B758300EA18C1 /* Info.plist */ = {isa = PBXFileReference; lastKnownFileType = text.plist.xml; path = Info.plist; sourceTree = "<group>"; };
		95FB1E52285B758300EA18C1 /* HelloWordTests.xctest */ = {isa = PBXFileReference; explicitFileType = wrapper.cfbundle; includeInIndex = 0; path = HelloWordTests.xctest; sourceTree = BUILT_PRODUCTS_DIR; };
		95FB1E56285B758300EA18C1 /* HelloWordTests.swift */ = {isa = PBXFileReference; lastKnownFileType = sourcecode.swift; path = HelloWordTests.swift; sourceTree = "<group>"; };
		95FB1E5C285B758300EA18C1 /* HelloWordUITests.xctest */ = {isa = PBXFileReference; explicitFileType = wrapper.cfbundle; includeInIndex = 0; path = HelloWordUITests.xctest; sourceTree = BUILT_PRODUCTS_DIR; };
		95FB1E60285B758300EA18C1 /* HelloWordUITests.swift */ = {isa = PBXFileReference; lastKnownFileType = sourcecode.swift; path = HelloWordUITests.swift; sourceTree = "<group>"; };
		95FB1E62285B758300EA18C1 /* HelloWordUITestsLaunchTests.swift */ = {isa = PBXFileReference; lastKnownFileType = sourcecode.swift; path = HelloWordUITestsLaunchTests.swift; sourceTree = "<group>"; };
/* End PBXFileReference section */

/* Begin PBXFrameworksBuildPhase section */
		95FB1E36285B758300EA18C1 /* Frameworks */ = {
			isa = PBXFrameworksBuildPhase;
			buildActionMask = 2147483647;
			files = (
			);
			runOnlyForDeploymentPostprocessing = 0;
		};
		95FB1E4F285B758300EA18C1 /* Frameworks */ = {
			isa = PBXFrameworksBuildPhase;
			buildActionMask = 2147483647;
			files = (
			);
			runOnlyForDeploymentPostprocessing = 0;
		};
		95FB1E59285B758300EA18C1 /* Frameworks */ = {
			isa = PBXFrameworksBuildPhase;
			buildActionMask = 2147483647;
			files = (
			);
			runOnlyForDeploymentPostprocessing = 0;
		};
/* End PBXFrameworksBuildPhase section */

/* Begin PBXGroup section */
		95FB1E30285B758300EA18C1 = {
			isa = PBXGroup;
			children = (
				951BB9B5285B7E490086C912 /* Cadastre.storyboard */,
				95FB1E3B285B758300EA18C1 /* HelloWord */,
				95FB1E55285B758300EA18C1 /* HelloWordTests */,
				95FB1E5F285B758300EA18C1 /* HelloWordUITests */,
				95FB1E3A285B758300EA18C1 /* Products */,
			);
			sourceTree = "<group>";
		};
		95FB1E3A285B758300EA18C1 /* Products */ = {
			isa = PBXGroup;
			children = (
				95FB1E39285B758300EA18C1 /* HelloWord.app */,
				95FB1E52285B758300EA18C1 /* HelloWordTests.xctest */,
				95FB1E5C285B758300EA18C1 /* HelloWordUITests.xctest */,
			);
			name = Products;
			sourceTree = "<group>";
		};
		95FB1E3B285B758300EA18C1 /* HelloWord */ = {
			isa = PBXGroup;
			children = (
				95FB1E3C285B758300EA18C1 /* AppDelegate.swift */,
				95FB1E3E285B758300EA18C1 /* SceneDelegate.swift */,
				95FB1E40285B758300EA18C1 /* ViewController.swift */,
				951BB9B3285B7E1B0086C912 /* CadastreController.swift */,
				95FB1E42285B758300EA18C1 /* Main.storyboard */,
				95FB1E48285B758300EA18C1 /* Assets.xcassets */,
				95FB1E4A285B758300EA18C1 /* LaunchScreen.storyboard */,
				95FB1E4D285B758300EA18C1 /* Info.plist */,
				95FB1E45285B758300EA18C1 /* HelloWord.xcdatamodeld */,
			);
			path = HelloWord;
			sourceTree = "<group>";
		};
		95FB1E55285B758300EA18C1 /* HelloWordTests */ = {
			isa = PBXGroup;
			children = (
				95FB1E56285B758300EA18C1 /* HelloWordTests.swift */,
			);
			path = HelloWordTests;
			sourceTree = "<group>";
		};
		95FB1E5F285B758300EA18C1 /* HelloWordUITests */ = {
			isa = PBXGroup;
			children = (
				95FB1E60285B758300EA18C1 /* HelloWordUITests.swift */,
				95FB1E62285B758300EA18C1 /* HelloWordUITestsLaunchTests.swift */,
			);
			path = HelloWordUITests;
			sourceTree = "<group>";
		};
/* End PBXGroup section */

/* Begin PBXNativeTarget section */
		95FB1E38285B758300EA18C1 /* HelloWord */ = {
			isa = PBXNativeTarget;
			buildConfigurationList = 95FB1E66285B758300EA18C1 /* Build configuration list for PBXNativeTarget "HelloWord" */;
			buildPhases = (
				95FB1E35285B758300EA18C1 /* Sources */,
				95FB1E36285B758300EA18C1 /* Frameworks */,
				95FB1E37285B758300EA18C1 /* Resources */,
			);
			buildRules = (
			);
			dependencies = (
			);
			name = HelloWord;
			productName = HelloWord;
			productReference = 95FB1E39285B758300EA18C1 /* HelloWord.app */;
			productType = "com.apple.product-type.application";
		};
		95FB1E51285B758300EA18C1 /* HelloWordTests */ = {
			isa = PBXNativeTarget;
			buildConfigurationList = 95FB1E69285B758300EA18C1 /* Build configuration list for PBXNativeTarget "HelloWordTests" */;
			buildPhases = (
				95FB1E4E285B758300EA18C1 /* Sources */,
				95FB1E4F285B758300EA18C1 /* Frameworks */,
				95FB1E50285B758300EA18C1 /* Resources */,
			);
			buildRules = (
			);
			dependencies = (
				95FB1E54285B758300EA18C1 /* PBXTargetDependency */,
			);
			name = HelloWordTests;
			productName = HelloWordTests;
			productReference = 95FB1E52285B758300EA18C1 /* HelloWordTests.xctest */;
			productType = "com.apple.product-type.bundle.unit-test";
		};
		95FB1E5B285B758300EA18C1 /* HelloWordUITests */ = {
			isa = PBXNativeTarget;
			buildConfigurationList = 95FB1E6C285B758300EA18C1 /* Build configuration list for PBXNativeTarget "HelloWordUITests" */;
			buildPhases = (
				95FB1E58285B758300EA18C1 /* Sources */,
				95FB1E59285B758300EA18C1 /* Frameworks */,
				95FB1E5A285B758300EA18C1 /* Resources */,
			);
			buildRules = (
			);
			dependencies = (
				95FB1E5E285B758300EA18C1 /* PBXTargetDependency */,
			);
			name = HelloWordUITests;
			productName = HelloWordUITests;
			productReference = 95FB1E5C285B758300EA18C1 /* HelloWordUITests.xctest */;
			productType = "com.apple.product-type.bundle.ui-testing";
		};
/* End PBXNativeTarget section */

/* Begin PBXProject section */
		95FB1E31285B758300EA18C1 /* Project object */ = {
			isa = PBXProject;
			attributes = {
				BuildIndependentTargetsInParallel = 1;
				LastSwiftUpdateCheck = 1330;
				LastUpgradeCheck = 1330;
				TargetAttributes = {
					95FB1E38285B758300EA18C1 = {
						CreatedOnToolsVersion = 13.3;
					};
					95FB1E51285B758300EA18C1 = {
						CreatedOnToolsVersion = 13.3;
						TestTargetID = 95FB1E38285B758300EA18C1;
					};
					95FB1E5B285B758300EA18C1 = {
						CreatedOnToolsVersion = 13.3;
						TestTargetID = 95FB1E38285B758300EA18C1;
					};
				};
			};
			buildConfigurationList = 95FB1E34285B758300EA18C1 /* Build configuration list for PBXProject "HelloWord" */;
			compatibilityVersion = "Xcode 13.0";
			developmentRegion = en;
			hasScannedForEncodings = 0;
			knownRegions = (
				en,
				Base,
			);
			mainGroup = 95FB1E30285B758300EA18C1;
			productRefGroup = 95FB1E3A285B758300EA18C1 /* Products */;
			projectDirPath = "";
			projectRoot = "";
			targets = (
				95FB1E38285B758300EA18C1 /* HelloWord */,
				95FB1E51285B758300EA18C1 /* HelloWordTests */,
				95FB1E5B285B758300EA18C1 /* HelloWordUITests */,
			);
		};
/* End PBXProject section */

/* Begin PBXResourcesBuildPhase section */
		95FB1E37285B758300EA18C1 /* Resources */ = {
			isa = PBXResourcesBuildPhase;
			buildActionMask = 2147483647;
			files = (
				95FB1E4C285B758300EA18C1 /* LaunchScreen.storyboard in Resources */,
				951BB9B6285B7E490086C912 /* Cadastre.storyboard in Resources */,
				95FB1E49285B758300EA18C1 /* Assets.xcassets in Resources */,
				95FB1E44285B758300EA18C1 /* Main.storyboard in Resources */,
			);
			runOnlyForDeploymentPostprocessing = 0;
		};
		95FB1E50285B758300EA18C1 /* Resources */ = {
			isa = PBXResourcesBuildPhase;
			buildActionMask = 2147483647;
			files = (
			);
			runOnlyForDeploymentPostprocessing = 0;
		};
		95FB1E5A285B758300EA18C1 /* Resources */ = {
			isa = PBXResourcesBuildPhase;
			buildActionMask = 2147483647;
			files = (
			);
			runOnlyForDeploymentPostprocessing = 0;
		};
/* End PBXResourcesBuildPhase section */

/* Begin PBXSourcesBuildPhase section */
		95FB1E35285B758300EA18C1 /* Sources */ = {
			isa = PBXSourcesBuildPhase;
			buildActionMask = 2147483647;
			files = (
				95FB1E41285B758300EA18C1 /* ViewController.swift in Sources */,
				95FB1E3D285B758300EA18C1 /* AppDelegate.swift in Sources */,
				95FB1E47285B758300EA18C1 /* HelloWord.xcdatamodeld in Sources */,
				951BB9B4285B7E1B0086C912 /* CadastreController.swift in Sources */,
				95FB1E3F285B758300EA18C1 /* SceneDelegate.swift in Sources */,
			);
			runOnlyForDeploymentPostprocessing = 0;
		};
		95FB1E4E285B758300EA18C1 /* Sources */ = {
			isa = PBXSourcesBuildPhase;
			buildActionMask = 2147483647;
			files = (
				95FB1E57285B758300EA18C1 /* HelloWordTests.swift in Sources */,
			);
			runOnlyForDeploymentPostprocessing = 0;
		};
		95FB1E58285B758300EA18C1 /* Sources */ = {
			isa = PBXSourcesBuildPhase;
			buildActionMask = 2147483647;
			files = (
				95FB1E61285B758300EA18C1 /* HelloWordUITests.swift in Sources */,
				95FB1E63285B758300EA18C1 /* HelloWordUITestsLaunchTests.swift in Sources */,
			);
			runOnlyForDeploymentPostprocessing = 0;
		};
/* End PBXSourcesBuildPhase section */

/* Begin PBXTargetDependency section */
		95FB1E54285B758300EA18C1 /* PBXTargetDependency */ = {
			isa = PBXTargetDependency;
			target = 95FB1E38285B758300EA18C1 /* HelloWord */;
			targetProxy = 95FB1E53285B758300EA18C1 /* PBXContainerItemProxy */;
		};
		95FB1E5E285B758300EA18C1 /* PBXTargetDependency */ = {
			isa = PBXTargetDependency;
			target = 95FB1E38285B758300EA18C1 /* HelloWord */;
			targetProxy = 95FB1E5D285B758300EA18C1 /* PBXContainerItemProxy */;
		};
/* End PBXTargetDependency section */

/* Begin PBXVariantGroup section */
		95FB1E42285B758300EA18C1 /* Main.storyboard */ = {
			isa = PBXVariantGroup;
			children = (
				95FB1E43285B758300EA18C1 /* Base */,
			);
			name = Main.storyboard;
			sourceTree = "<group>";
		};
		95FB1E4A285B758300EA18C1 /* LaunchScreen.storyboard */ = {
			isa = PBXVariantGroup;
			children = (
				95FB1E4B285B758300EA18C1 /* Base */,
			);
			name = LaunchScreen.storyboard;
			sourceTree = "<group>";
		};
/* End PBXVariantGroup section */

/* Begin XCBuildConfiguration section */
		95FB1E64285B758300EA18C1 /* Debug */ = {
			isa = XCBuildConfiguration;
			buildSettings = {
				ALWAYS_SEARCH_USER_PATHS = NO;
				CLANG_ANALYZER_NONNULL = YES;
				CLANG_ANALYZER_NUMBER_OBJECT_CONVERSION = YES_AGGRESSIVE;
				CLANG_CXX_LANGUAGE_STANDARD = "gnu++17";
				CLANG_ENABLE_MODULES = YES;
				CLANG_ENABLE_OBJC_ARC = YES;
				CLANG_ENABLE_OBJC_WEAK = YES;
				CLANG_WARN_BLOCK_CAPTURE_AUTORELEASING = YES;
				CLANG_WARN_BOOL_CONVERSION = YES;
				CLANG_WARN_COMMA = YES;
				CLANG_WARN_CONSTANT_CONVERSION = YES;
				CLANG_WARN_DEPRECATED_OBJC_IMPLEMENTATIONS = YES;
				CLANG_WARN_DIRECT_OBJC_ISA_USAGE = YES_ERROR;
				CLANG_WARN_DOCUMENTATION_COMMENTS = YES;
				CLANG_WARN_EMPTY_BODY = YES;
				CLANG_WARN_ENUM_CONVERSION = YES;
				CLANG_WARN_INFINITE_RECURSION = YES;
				CLANG_WARN_INT_CONVERSION = YES;
				CLANG_WARN_NON_LITERAL_NULL_CONVERSION = YES;
				CLANG_WARN_OBJC_IMPLICIT_RETAIN_SELF = YES;
				CLANG_WARN_OBJC_LITERAL_CONVERSION = YES;
				CLANG_WARN_OBJC_ROOT_CLASS = YES_ERROR;
				CLANG_WARN_QUOTED_INCLUDE_IN_FRAMEWORK_HEADER = YES;
				CLANG_WARN_RANGE_LOOP_ANALYSIS = YES;
				CLANG_WARN_STRICT_PROTOTYPES = YES;
				CLANG_WARN_SUSPICIOUS_MOVE = YES;
				CLANG_WARN_UNGUARDED_AVAILABILITY = YES_AGGRESSIVE;
				CLANG_WARN_UNREACHABLE_CODE = YES;
				CLANG_WARN__DUPLICATE_METHOD_MATCH = YES;
				COPY_PHASE_STRIP = NO;
				DEBUG_INFORMATION_FORMAT = dwarf;
				ENABLE_STRICT_OBJC_MSGSEND = YES;
				ENABLE_TESTABILITY = YES;
				GCC_C_LANGUAGE_STANDARD = gnu11;
				GCC_DYNAMIC_NO_PIC = NO;
				GCC_NO_COMMON_BLOCKS = YES;
				GCC_OPTIMIZATION_LEVEL = 0;
				GCC_PREPROCESSOR_DEFINITIONS = (
					"DEBUG=1",
					"$(inherited)",
				);
				GCC_WARN_64_TO_32_BIT_CONVERSION = YES;
				GCC_WARN_ABOUT_RETURN_TYPE = YES_ERROR;
				GCC_WARN_UNDECLARED_SELECTOR = YES;
				GCC_WARN_UNINITIALIZED_AUTOS = YES_AGGRESSIVE;
				GCC_WARN_UNUSED_FUNCTION = YES;
				GCC_WARN_UNUSED_VARIABLE = YES;
				IPHONEOS_DEPLOYMENT_TARGET = 15.4;
				MTL_ENABLE_DEBUG_INFO = INCLUDE_SOURCE;
				MTL_FAST_MATH = YES;
				ONLY_ACTIVE_ARCH = YES;
				SDKROOT = iphoneos;
				SWIFT_ACTIVE_COMPILATION_CONDITIONS = DEBUG;
				SWIFT_OPTIMIZATION_LEVEL = "-Onone";
			};
			name = Debug;
		};
		95FB1E65285B758300EA18C1 /* Release */ = {
			isa = XCBuildConfiguration;
			buildSettings = {
				ALWAYS_SEARCH_USER_PATHS = NO;
				CLANG_ANALYZER_NONNULL = YES;
				CLANG_ANALYZER_NUMBER_OBJECT_CONVERSION = YES_AGGRESSIVE;
				CLANG_CXX_LANGUAGE_STANDARD = "gnu++17";
				CLANG_ENABLE_MODULES = YES;
				CLANG_ENABLE_OBJC_ARC = YES;
				CLANG_ENABLE_OBJC_WEAK = YES;
				CLANG_WARN_BLOCK_CAPTURE_AUTORELEASING = YES;
				CLANG_WARN_BOOL_CONVERSION = YES;
				CLANG_WARN_COMMA = YES;
				CLANG_WARN_CONSTANT_CONVERSION = YES;
				CLANG_WARN_DEPRECATED_OBJC_IMPLEMENTATIONS = YES;
				CLANG_WARN_DIRECT_OBJC_ISA_USAGE = YES_ERROR;
				CLANG_WARN_DOCUMENTATION_COMMENTS = YES;
				CLANG_WARN_EMPTY_BODY = YES;
				CLANG_WARN_ENUM_CONVERSION = YES;
				CLANG_WARN_INFINITE_RECURSION = YES;
				CLANG_WARN_INT_CONVERSION = YES;
				CLANG_WARN_NON_LITERAL_NULL_CONVERSION = YES;
				CLANG_WARN_OBJC_IMPLICIT_RETAIN_SELF = YES;
				CLANG_WARN_OBJC_LITERAL_CONVERSION = YES;
				CLANG_WARN_OBJC_ROOT_CLASS = YES_ERROR;
				CLANG_WARN_QUOTED_INCLUDE_IN_FRAMEWORK_HEADER = YES;
				CLANG_WARN_RANGE_LOOP_ANALYSIS = YES;
				CLANG_WARN_STRICT_PROTOTYPES = YES;
				CLANG_WARN_SUSPICIOUS_MOVE = YES;
				CLANG_WARN_UNGUARDED_AVAILABILITY = YES_AGGRESSIVE;
				CLANG_WARN_UNREACHABLE_CODE = YES;
				CLANG_WARN__DUPLICATE_METHOD_MATCH = YES;
				COPY_PHASE_STRIP = NO;
				DEBUG_INFORMATION_FORMAT = "dwarf-with-dsym";
				ENABLE_NS_ASSERTIONS = NO;
				ENABLE_STRICT_OBJC_MSGSEND = YES;
				GCC_C_LANGUAGE_STANDARD = gnu11;
				GCC_NO_COMMON_BLOCKS = YES;
				GCC_WARN_64_TO_32_BIT_CONVERSION = YES;
				GCC_WARN_ABOUT_RETURN_TYPE = YES_ERROR;
				GCC_WARN_UNDECLARED_SELECTOR = YES;
				GCC_WARN_UNINITIALIZED_AUTOS = YES_AGGRESSIVE;
				GCC_WARN_UNUSED_FUNCTION = YES;
				GCC_WARN_UNUSED_VARIABLE = YES;
				IPHONEOS_DEPLOYMENT_TARGET = 15.4;
				MTL_ENABLE_DEBUG_INFO = NO;
				MTL_FAST_MATH = YES;
				SDKROOT = iphoneos;
				SWIFT_COMPILATION_MODE = wholemodule;
				SWIFT_OPTIMIZATION_LEVEL = "-O";
				VALIDATE_PRODUCT = YES;
			};
			name = Release;
		};
		95FB1E67285B758300EA18C1 /* Debug */ = {
			isa = XCBuildConfiguration;
			buildSettings = {
				ASSETCATALOG_COMPILER_APPICON_NAME = AppIcon;
				ASSETCATALOG_COMPILER_GLOBAL_ACCENT_COLOR_NAME = AccentColor;
				CODE_SIGN_STYLE = Automatic;
				CURRENT_PROJECT_VERSION = 1;
				DEVELOPMENT_TEAM = 35GM6XG62S;
				GENERATE_INFOPLIST_FILE = YES;
				INFOPLIST_FILE = HelloWord/Info.plist;
				INFOPLIST_KEY_UIApplicationSupportsIndirectInputEvents = YES;
				INFOPLIST_KEY_UILaunchStoryboardName = LaunchScreen;
				INFOPLIST_KEY_UIMainStoryboardFile = Main;
				INFOPLIST_KEY_UISupportedInterfaceOrientations_iPad = "UIInterfaceOrientationPortrait UIInterfaceOrientationPortraitUpsideDown UIInterfaceOrientationLandscapeLeft UIInterfaceOrientationLandscapeRight";
				INFOPLIST_KEY_UISupportedInterfaceOrientations_iPhone = "UIInterfaceOrientationPortrait UIInterfaceOrientationLandscapeLeft UIInterfaceOrientationLandscapeRight";
				LD_RUNPATH_SEARCH_PATHS = (
					"$(inherited)",
					"@executable_path/Frameworks",
				);
				MARKETING_VERSION = 1.0;
				PRODUCT_BUNDLE_IDENTIFIER = Academy.HelloWord;
				PRODUCT_NAME = "$(TARGET_NAME)";
				SWIFT_EMIT_LOC_STRINGS = YES;
				SWIFT_VERSION = 5.0;
				TARGETED_DEVICE_FAMILY = "1,2";
			};
			name = Debug;
		};
		95FB1E68285B758300EA18C1 /* Release */ = {
			isa = XCBuildConfiguration;
			buildSettings = {
				ASSETCATALOG_COMPILER_APPICON_NAME = AppIcon;
				ASSETCATALOG_COMPILER_GLOBAL_ACCENT_COLOR_NAME = AccentColor;
				CODE_SIGN_STYLE = Automatic;
				CURRENT_PROJECT_VERSION = 1;
				DEVELOPMENT_TEAM = 35GM6XG62S;
				GENERATE_INFOPLIST_FILE = YES;
				INFOPLIST_FILE = HelloWord/Info.plist;
				INFOPLIST_KEY_UIApplicationSupportsIndirectInputEvents = YES;
				INFOPLIST_KEY_UILaunchStoryboardName = LaunchScreen;
				INFOPLIST_KEY_UIMainStoryboardFile = Main;
				INFOPLIST_KEY_UISupportedInterfaceOrientations_iPad = "UIInterfaceOrientationPortrait UIInterfaceOrientationPortraitUpsideDown UIInterfaceOrientationLandscapeLeft UIInterfaceOrientationLandscapeRight";
				INFOPLIST_KEY_UISupportedInterfaceOrientations_iPhone = "UIInterfaceOrientationPortrait UIInterfaceOrientationLandscapeLeft UIInterfaceOrientationLandscapeRight";
				LD_RUNPATH_SEARCH_PATHS = (
					"$(inherited)",
					"@executable_path/Frameworks",
				);
				MARKETING_VERSION = 1.0;
				PRODUCT_BUNDLE_IDENTIFIER = Academy.HelloWord;
				PRODUCT_NAME = "$(TARGET_NAME)";
				SWIFT_EMIT_LOC_STRINGS = YES;
				SWIFT_VERSION = 5.0;
				TARGETED_DEVICE_FAMILY = "1,2";
			};
			name = Release;
		};
		95FB1E6A285B758300EA18C1 /* Debug */ = {
			isa = XCBuildConfiguration;
			buildSettings = {
				ALWAYS_EMBED_SWIFT_STANDARD_LIBRARIES = YES;
				BUNDLE_LOADER = "$(TEST_HOST)";
				CODE_SIGN_STYLE = Automatic;
				CURRENT_PROJECT_VERSION = 1;
				DEVELOPMENT_TEAM = 35GM6XG62S;
				GENERATE_INFOPLIST_FILE = YES;
				IPHONEOS_DEPLOYMENT_TARGET = 15.4;
				MARKETING_VERSION = 1.0;
				PRODUCT_BUNDLE_IDENTIFIER = Academy.HelloWordTests;
				PRODUCT_NAME = "$(TARGET_NAME)";
				SWIFT_EMIT_LOC_STRINGS = NO;
				SWIFT_VERSION = 5.0;
				TARGETED_DEVICE_FAMILY = "1,2";
				TEST_HOST = "$(BUILT_PRODUCTS_DIR)/HelloWord.app/HelloWord";
			};
			name = Debug;
		};
		95FB1E6B285B758300EA18C1 /* Release */ = {
			isa = XCBuildConfiguration;
			buildSettings = {
				ALWAYS_EMBED_SWIFT_STANDARD_LIBRARIES = YES;
				BUNDLE_LOADER = "$(TEST_HOST)";
				CODE_SIGN_STYLE = Automatic;
				CURRENT_PROJECT_VERSION = 1;
				DEVELOPMENT_TEAM = 35GM6XG62S;
				GENERATE_INFOPLIST_FILE = YES;
				IPHONEOS_DEPLOYMENT_TARGET = 15.4;
				MARKETING_VERSION = 1.0;
				PRODUCT_BUNDLE_IDENTIFIER = Academy.HelloWordTests;
				PRODUCT_NAME = "$(TARGET_NAME)";
				SWIFT_EMIT_LOC_STRINGS = NO;
				SWIFT_VERSION = 5.0;
				TARGETED_DEVICE_FAMILY = "1,2";
				TEST_HOST = "$(BUILT_PRODUCTS_DIR)/HelloWord.app/HelloWord";
			};
			name = Release;
		};
		95FB1E6D285B758300EA18C1 /* Debug */ = {
			isa = XCBuildConfiguration;
			buildSettings = {
				ALWAYS_EMBED_SWIFT_STANDARD_LIBRARIES = YES;
				CODE_SIGN_STYLE = Automatic;
				CURRENT_PROJECT_VERSION = 1;
				DEVELOPMENT_TEAM = 35GM6XG62S;
				GENERATE_INFOPLIST_FILE = YES;
				MARKETING_VERSION = 1.0;
				PRODUCT_BUNDLE_IDENTIFIER = Academy.HelloWordUITests;
				PRODUCT_NAME = "$(TARGET_NAME)";
				SWIFT_EMIT_LOC_STRINGS = NO;
				SWIFT_VERSION = 5.0;
				TARGETED_DEVICE_FAMILY = "1,2";
				TEST_TARGET_NAME = HelloWord;
			};
			name = Debug;
		};
		95FB1E6E285B758300EA18C1 /* Release */ = {
			isa = XCBuildConfiguration;
			buildSettings = {
				ALWAYS_EMBED_SWIFT_STANDARD_LIBRARIES = YES;
				CODE_SIGN_STYLE = Automatic;
				CURRENT_PROJECT_VERSION = 1;
				DEVELOPMENT_TEAM = 35GM6XG62S;
				GENERATE_INFOPLIST_FILE = YES;
				MARKETING_VERSION = 1.0;
				PRODUCT_BUNDLE_IDENTIFIER = Academy.HelloWordUITests;
				PRODUCT_NAME = "$(TARGET_NAME)";
				SWIFT_EMIT_LOC_STRINGS = NO;
				SWIFT_VERSION = 5.0;
				TARGETED_DEVICE_FAMILY = "1,2";
				TEST_TARGET_NAME = HelloWord;
			};
			name = Release;
		};
/* End XCBuildConfiguration section */

/* Begin XCConfigurationList section */
		95FB1E34285B758300EA18C1 /* Build configuration list for PBXProject "HelloWord" */ = {
			isa = XCConfigurationList;
			buildConfigurations = (
				95FB1E64285B758300EA18C1 /* Debug */,
				95FB1E65285B758300EA18C1 /* Release */,
			);
			defaultConfigurationIsVisible = 0;
			defaultConfigurationName = Release;
		};
		95FB1E66285B758300EA18C1 /* Build configuration list for PBXNativeTarget "HelloWord" */ = {
			isa = XCConfigurationList;
			buildConfigurations = (
				95FB1E67285B758300EA18C1 /* Debug */,
				95FB1E68285B758300EA18C1 /* Release */,
			);
			defaultConfigurationIsVisible = 0;
			defaultConfigurationName = Release;
		};
		95FB1E69285B758300EA18C1 /* Build configuration list for PBXNativeTarget "HelloWordTests" */ = {
			isa = XCConfigurationList;
			buildConfigurations = (
				95FB1E6A285B758300EA18C1 /* Debug */,
				95FB1E6B285B758300EA18C1 /* Release */,
			);
			defaultConfigurationIsVisible = 0;
			defaultConfigurationName = Release;
		};
		95FB1E6C285B758300EA18C1 /* Build configuration list for PBXNativeTarget "HelloWordUITests" */ = {
			isa = XCConfigurationList;
			buildConfigurations = (
				95FB1E6D285B758300EA18C1 /* Debug */,
				95FB1E6E285B758300EA18C1 /* Release */,
			);
			defaultConfigurationIsVisible = 0;
			defaultConfigurationName = Release;
		};
/* End XCConfigurationList section */

/* Begin XCVersionGroup section */
		95FB1E45285B758300EA18C1 /* HelloWord.xcdatamodeld */ = {
			isa = XCVersionGroup;
			children = (
				95FB1E46285B758300EA18C1 /* HelloWord.xcdatamodel */,
			);
			currentVersion = 95FB1E46285B758300EA18C1 /* HelloWord.xcdatamodel */;
			path = HelloWord.xcdatamodeld;
			sourceTree = "<group>";
			versionGroupType = wrapper.xcdatamodel;
		};
/* End XCVersionGroup section */
	};
	rootObject = 95FB1E31285B758300EA18C1 /* Project object */;
}
